<?xml version="1.0" encoding="UTF-8" standalone="yes" ?>
<CodeBlocks_project_file>
	<FileVersion major="1" minor="6" />
	<Project>
		<Option title="wxGUI" />
		<Option pch_mode="2" />
		<Option compiler="gcc" />
		<Build>
			<Target title="Debug - Windows">
				<Option platforms="Windows;" />
				<Option output="..\..\bin\wxGUI" prefix_auto="1" extension_auto="1" />
				<Option object_output="..\..\obj\windows\wxGUI" />
				<Option type="0" />
				<Option compiler="gcc" />
				<Option projectLinkerOptionsRelation="2" />
				<Compiler>
					<Add option="-g" />
					<Add option="-D__WXDEBUG__" />
					<Add directory="$(#wx)\lib\gcc_lib\mswd" />
					<Add directory="$(#wx)\include" />
				</Compiler>
				<ResourceCompiler>
					<Add directory="$(#wx)\lib\gcc_lib\mswd" />
				</ResourceCompiler>
				<Linker>
					<Add library="libwxmsw28d_core.a" />
					<Add library="libwxbase28d.a" />
					<Add library="libwxpngd.a" />
					<Add library="libwxjpegd.a" />
					<Add library="libwxtiffd.a" />
					<Add library="libwxzlibd.a" />
					<Add library="..\..\bin\libPartmod.dll.a" />
					<Add library="ole32" />
					<Add library="comctl32" />
					<Add library="winspool" />
					<Add library="uuid" />
					<Add library="oleaut32" />
					<Add directory="$(#wx)\lib\gcc_lib" />
				</Linker>
			</Target>
			<Target title="Release - Windows">
				<Option platforms="Windows;" />
				<Option output="..\..\bin\wxGUI" prefix_auto="1" extension_auto="1" />
				<Option object_output="..\..\obj\windows\wxGUI" />
				<Option type="0" />
				<Option compiler="gcc" />
				<Option projectLinkerOptionsRelation="2" />
				<Compiler>
					<Add option="-O2" />
					<Add directory="$(#wx)\lib\gcc_lib\msw" />
					<Add directory="$(#wx)\include" />
				</Compiler>
				<ResourceCompiler>
					<Add directory="$(#wx)\lib\gcc_lib\msw" />
				</ResourceCompiler>
				<Linker>
					<Add option="-s" />
					<Add library="libwxmsw28_core.a" />
					<Add library="libwxbase28.a" />
					<Add library="libwxpng.a" />
					<Add library="libwxjpeg.a" />
					<Add library="libwxtiff.a" />
					<Add library="libwxzlib.a" />
					<Add library="..\..\bin\libPartmod.dll.a" />
					<Add library="ole32" />
					<Add library="comctl32" />
					<Add library="winspool" />
					<Add library="uuid" />
					<Add library="oleaut32" />
					<Add directory="$(#wx)\lib\gcc_lib" />
				</Linker>
			</Target>
			<Target title="Debug - Linux">
				<Option platforms="Unix;" />
				<Option output="..\..\bin\wxGUI" prefix_auto="1" extension_auto="1" />
				<Option object_output="..\..\obj\linux" />
				<Option type="0" />
				<Option compiler="gcc" />
				<Option projectLinkerOptionsRelation="2" />
				<Compiler>
					<Add option="-g" />
					<Add option="`wx-config  --version=2.9 --static=no --unicode=no --debug=yes --cflags`" />
					<Add option="-D__WXDEBUG__" />
				</Compiler>
				<Linker>
					<Add option="`wx-config  --version=2.9 --static=no --unicode=no --debug=yes --libs`" />
					<Add library="libpartmodd" />
					<Add library="libdiskio-partmodd" />
					<Add directory="$(TARGET_OUTPUT_DIR)" />
				</Linker>
			</Target>
			<Target title="Release - Linux">
				<Option platforms="Unix;" />
				<Option output="..\..\bin\wxGUI" prefix_auto="1" extension_auto="1" />
				<Option object_output="..\..\obj\linux" />
				<Option type="0" />
				<Option compiler="gcc" />
				<Option projectLinkerOptionsRelation="2" />
				<Compiler>
					<Add option="-O2" />
					<Add option="`wx-config  --version=2.9 --static=no --unicode=no --debug=no --cflags`" />
				</Compiler>
				<Linker>
					<Add option="-s" />
					<Add option="`wx-config  --version=2.9 --static=no --unicode=no --debug=no --libs`" />
					<Add library="libpartmod" />
					<Add library="libdiskio-partmod" />
					<Add directory="$(TARGET_OUTPUT_DIR)" />
				</Linker>
			</Target>
		</Build>
		<Compiler>
			<Add option="-Wall" />
		</Compiler>
		<Unit filename="dlg_create_backup.cpp" />
		<Unit filename="dlg_create_backup.h" />
		<Unit filename="dlg_guid_list.cpp" />
		<Unit filename="dlg_guid_list.h" />
		<Unit filename="dlg_newpart.cpp" />
		<Unit filename="dlg_newpart.hpp" />
		<Unit filename="dlg_open_diskimage.cpp" />
		<Unit filename="dlg_open_diskimage.h" />
		<Unit filename="dlg_restore_backup.cpp" />
		<Unit filename="dlg_restore_backup.h" />
		<Unit filename="dlg_save_changes.cpp" />
		<Unit filename="dlg_save_changes.h" />
		<Unit filename="main_app.cpp" />
		<Unit filename="main_app.hpp" />
		<Unit filename="main_frame.cpp" />
		<Unit filename="main_frame.hpp" />
		<Extensions>
			<code_completion />
			<envvars />
			<debugger />
			<wxsmith version="1">
				<gui name="wxWidgets" src="main_app.cpp" main="-- None --" init_handlers="necessary" language="CPP" />
				<resources>
					<wxDialog wxs="wxsmith/DlgNewPart.wxs" src="dlg_newpart.cpp" hdr="dlg_newpart.hpp" name="DlgNewPart" language="CPP" />
					<wxDialog wxs="wxsmith/DlgOpenDiskImage.wxs" src="dlg_open_diskimage.cpp" hdr="dlg_open_diskimage.h" name="DlgOpenDiskImage" language="CPP" />
					<wxDialog wxs="wxsmith/DlgGuidList.wxs" src="dlg_guid_list.cpp" hdr="dlg_guid_list.h" name="DlgGuidList" language="CPP" />
					<wxDialog wxs="wxsmith/DlgCreateBackup.wxs" src="dlg_create_backup.cpp" hdr="dlg_create_backup.h" name="DlgCreateBackup" language="CPP" />
					<wxDialog wxs="wxsmith/DlgRestoreBackup.wxs" src="dlg_restore_backup.cpp" hdr="dlg_restore_backup.h" name="DlgRestoreBackup" language="CPP" />
					<wxDialog wxs="wxsmith/DlgSaveChanges.wxs" src="dlg_save_changes.cpp" hdr="dlg_save_changes.h" name="DlgSaveChanges" language="CPP" />
				</resources>
			</wxsmith>
		</Extensions>
	</Project>
</CodeBlocks_project_file>
